
Microsoft Visual Studio Solution File, Format Version 12.00
# Visual Studio 2012
Project("{8BC9CEB8-8B4A-11D0-8D11-00A0C91BC942}") = "video_pin", "video_pin\video_pin.vcxproj", "{D2E63D5C-88ED-44F4-B25F-E070FEF5CF14}"
EndProject
Global
	GlobalSection(SolutionConfigurationPlatforms) = preSolution
		Debug|Win32 = Debug|Win32
		Release|Win32 = Release|Win32
	EndGlobalSection
	GlobalSection(ProjectConfigurationPlatforms) = postSolution
		{D2E63D5C-88ED-44F4-B25F-E070FEF5CF14}.Debug|Win32.ActiveCfg = Debug|Win32
		{D2E63D5C-88ED-44F4-B25F-E070FEF5CF14}.Debug|Win32.Build.0 = Debug|Win32
		{D2E63D5C-88ED-44F4-B25F-E070FEF5CF14}.Release|Win32.ActiveCfg = Release|Win32
		{D2E63D5C-88ED-44F4-B25F-E070FEF5CF14}.Release|Win32.Build.0 = Release|Win32
	EndGlobalSection
	GlobalSection(SolutionProperties) = preSolution
		HideSolutionNode = FALSE
	EndGlobalSection
EndGlobal
